// !$*UTF8*$!
{
	archiveVersion = 1;
	classes = {
	};
	objectVersion = 50;
	objects = {

/* Begin PBXBuildFile section */
		CB754F32231C54820066530B /* AppDelegate.swift in Sources */ = {isa = PBXBuildFile; fileRef = CB754F31231C54820066530B /* AppDelegate.swift */; };
		CB754F34231C54820066530B /* ViewController.swift in Sources */ = {isa = PBXBuildFile; fileRef = CB754F33231C54820066530B /* ViewController.swift */; };
		CB754F37231C54820066530B /* Main.storyboard in Resources */ = {isa = PBXBuildFile; fileRef = CB754F35231C54820066530B /* Main.storyboard */; };
		CB754F39231C54830066530B /* Assets.xcassets in Resources */ = {isa = PBXBuildFile; fileRef = CB754F38231C54830066530B /* Assets.xcassets */; };
		CB754F3C231C54830066530B /* LaunchScreen.storyboard in Resources */ = {isa = PBXBuildFile; fileRef = CB754F3A231C54830066530B /* LaunchScreen.storyboard */; };
		CB754F45231C59E60066530B /* CustomButton.swift in Sources */ = {isa = PBXBuildFile; fileRef = CB754F44231C59E60066530B /* CustomButton.swift */; };
		CB754F49231C5BEF0066530B /* Second.storyboard in Resources */ = {isa = PBXBuildFile; fileRef = CB754F47231C5BEF0066530B /* Second.storyboard */; };
		CB754F4B231C5C2D0066530B /* ComponentView.swift in Sources */ = {isa = PBXBuildFile; fileRef = CB754F4A231C5C2D0066530B /* ComponentView.swift */; };
		CB754F4D231C5C990066530B /* ComponentView.xib in Resources */ = {isa = PBXBuildFile; fileRef = CB754F4C231C5C990066530B /* ComponentView.xib */; };
/* End PBXBuildFile section */

/* Begin PBXFileReference section */
		CB754F2E231C54820066530B /* UIStoryboard.app */ = {isa = PBXFileReference; explicitFileType = wrapper.application; includeInIndex = 0; path = UIStoryboard.app; sourceTree = BUILT_PRODUCTS_DIR; };
		CB754F31231C54820066530B /* AppDelegate.swift */ = {isa = PBXFileReference; lastKnownFileType = sourcecode.swift; path = AppDelegate.swift; sourceTree = "<group>"; };
		CB754F33231C54820066530B /* ViewController.swift */ = {isa = PBXFileReference; lastKnownFileType = sourcecode.swift; path = ViewController.swift; sourceTree = "<group>"; };
		CB754F36231C54820066530B /* Base */ = {isa = PBXFileReference; lastKnownFileType = file.storyboard; name = Base; path = Base.lproj/Main.storyboard; sourceTree = "<group>"; };
		CB754F38231C54830066530B /* Assets.xcassets */ = {isa = PBXFileReference; lastKnownFileType = folder.assetcatalog; path = Assets.xcassets; sourceTree = "<group>"; };
		CB754F3B231C54830066530B /* Base */ = {isa = PBXFileReference; lastKnownFileType = file.storyboard; name = Base; path = Base.lproj/LaunchScreen.storyboard; sourceTree = "<group>"; };
		CB754F3D231C54830066530B /* Info.plist */ = {isa = PBXFileReference; lastKnownFileType = text.plist.xml; path = Info.plist; sourceTree = "<group>"; };
		CB754F44231C59E60066530B /* CustomButton.swift */ = {isa = PBXFileReference; lastKnownFileType = sourcecode.swift; path = CustomButton.swift; sourceTree = "<group>"; };
		CB754F48231C5BEF0066530B /* Base */ = {isa = PBXFileReference; lastKnownFileType = file.storyboard; name = Base; path = UIStoryboard/Base.lproj/Second.storyboard; sourceTree = "<group>"; };
		CB754F4A231C5C2D0066530B /* ComponentView.swift */ = {isa = PBXFileReference; lastKnownFileType = sourcecode.swift; path = ComponentView.swift; sourceTree = "<group>"; };
		CB754F4C231C5C990066530B /* ComponentView.xib */ = {isa = PBXFileReference; lastKnownFileType = file.xib; path = ComponentView.xib; sourceTree = "<group>"; };
/* End PBXFileReference section */

/* Begin PBXFrameworksBuildPhase section */
		CB754F2B231C54810066530B /* Frameworks */ = {
			isa = PBXFrameworksBuildPhase;
			buildActionMask = 2147483647;
			files = (
			);
			runOnlyForDeploymentPostprocessing = 0;
		};
/* End PBXFrameworksBuildPhase section */

/* Begin PBXGroup section */
		CB754F25231C54810066530B = {
			isa = PBXGroup;
			children = (
				CB754F30231C54820066530B /* UIStoryboard */,
				CB754F2F231C54820066530B /* Products */,
			);
			sourceTree = "<group>";
		};
		CB754F2F231C54820066530B /* Products */ = {
			isa = PBXGroup;
			children = (
				CB754F2E231C54820066530B /* UIStoryboard.app */,
			);
			name = Products;
			sourceTree = "<group>";
		};
		CB754F30231C54820066530B /* UIStoryboard */ = {
			isa = PBXGroup;
			children = (
				CB754F3A231C54830066530B /* LaunchScreen.storyboard */,
				CB754F35231C54820066530B /* Main.storyboard */,
				CB754F47231C5BEF0066530B /* Second.storyboard */,
				CB754F46231C5AB10066530B /* UI */,
				CB754F31231C54820066530B /* AppDelegate.swift */,
				CB754F33231C54820066530B /* ViewController.swift */,
				CB754F38231C54830066530B /* Assets.xcassets */,
				CB754F3D231C54830066530B /* Info.plist */,
			);
			path = UIStoryboard;
			sourceTree = "<group>";
		};
		CB754F46231C5AB10066530B /* UI */ = {
			isa = PBXGroup;
			children = (
				CB754F44231C59E60066530B /* CustomButton.swift */,
				CB754F4A231C5C2D0066530B /* ComponentView.swift */,
				CB754F4C231C5C990066530B /* ComponentView.xib */,
			);
			path = UI;
			sourceTree = "<group>";
		};
/* End PBXGroup section */

/* Begin PBXNativeTarget section */
		CB754F2D231C54810066530B /* UIStoryboard */ = {
			isa = PBXNativeTarget;
			buildConfigurationList = CB754F40231C54830066530B /* Build configuration list for PBXNativeTarget "UIStoryboard" */;
			buildPhases = (
				CB754F2A231C54810066530B /* Sources */,
				CB754F2B231C54810066530B /* Frameworks */,
				CB754F2C231C54810066530B /* Resources */,
			);
			buildRules = (
			);
			dependencies = (
			);
			name = UIStoryboard;
			productName = UIStoryboard;
			productReference = CB754F2E231C54820066530B /* UIStoryboard.app */;
			productType = "com.apple.product-type.application";
		};
/* End PBXNativeTarget section */

/* Begin PBXProject section */
		CB754F26231C54810066530B /* Project object */ = {
			isa = PBXProject;
			attributes = {
				LastSwiftUpdateCheck = 1030;
				LastUpgradeCheck = 1030;
				ORGANIZATIONNAME = "Anton Semenets";
				TargetAttributes = {
					CB754F2D231C54810066530B = {
						CreatedOnToolsVersion = 10.3;
					};
				};
			};
			buildConfigurationList = CB754F29231C54810066530B /* Build configuration list for PBXProject "UIStoryboard" */;
			compatibilityVersion = "Xcode 9.3";
			developmentRegion = en;
			hasScannedForEncodings = 0;
			knownRegions = (
				en,
				Base,
			);
			mainGroup = CB754F25231C54810066530B;
			productRefGroup = CB754F2F231C54820066530B /* Products */;
			projectDirPath = "";
			projectRoot = "";
			targets = (
				CB754F2D231C54810066530B /* UIStoryboard */,
			);
		};
/* End PBXProject section */

/* Begin PBXResourcesBuildPhase section */
		CB754F2C231C54810066530B /* Resources */ = {
			isa = PBXResourcesBuildPhase;
			buildActionMask = 2147483647;
			files = (
				CB754F49231C5BEF0066530B /* Second.storyboard in Resources */,
				CB754F3C231C54830066530B /* LaunchScreen.storyboard in Resources */,
				CB754F39231C54830066530B /* Assets.xcassets in Resources */,
				CB754F37231C54820066530B /* Main.storyboard in Resources */,
				CB754F4D231C5C990066530B /* ComponentView.xib in Resources */,
			);
			runOnlyForDeploymentPostprocessing = 0;
		};
/* End PBXResourcesBuildPhase section */

/* Begin PBXSourcesBuildPhase section */
		CB754F2A231C54810066530B /* Sources */ = {
			isa = PBXSourcesBuildPhase;
			buildActionMask = 2147483647;
			files = (
				CB754F4B231C5C2D0066530B /* ComponentView.swift in Sources */,
				CB754F34231C54820066530B /* ViewController.swift in Sources */,
				CB754F32231C54820066530B /* AppDelegate.swift in Sources */,
				CB754F45231C59E60066530B /* CustomButton.swift in Sources */,
			);
			runOnlyForDeploymentPostprocessing = 0;
		};
/* End PBXSourcesBuildPhase section */

/* Begin PBXVariantGroup section */
		CB754F35231C54820066530B /* Main.storyboard */ = {
			isa = PBXVariantGroup;
			children = (
				CB754F36231C54820066530B /* Base */,
			);
			name = Main.storyboard;
			sourceTree = "<group>";
		};
		CB754F3A231C54830066530B /* LaunchScreen.storyboard */ = {
			isa = PBXVariantGroup;
			children = (
				CB754F3B231C54830066530B /* Base */,
			);
			name = LaunchScreen.storyboard;
			sourceTree = "<group>";
		};
		CB754F47231C5BEF0066530B /* Second.storyboard */ = {
			isa = PBXVariantGroup;
			children = (
				CB754F48231C5BEF0066530B /* Base */,
			);
			name = Second.storyboard;
			sourceTree = "<group>";
		};
/* End PBXVariantGroup section */

/* Begin XCBuildConfiguration section */
		CB754F3E231C54830066530B /* Debug */ = {
			isa = XCBuildConfiguration;
			buildSettings = {
				ALWAYS_SEARCH_USER_PATHS = NO;
				CLANG_ANALYZER_NONNULL = YES;
				CLANG_ANALYZER_NUMBER_OBJECT_CONVERSION = YES_AGGRESSIVE;
				CLANG_CXX_LANGUAGE_STANDARD = "gnu++14";
				CLANG_CXX_LIBRARY = "libc++";
				CLANG_ENABLE_MODULES = YES;
				CLANG_ENABLE_OBJC_ARC = YES;
				CLANG_ENABLE_OBJC_WEAK = YES;
				CLANG_WARN_BLOCK_CAPTURE_AUTORELEASING = YES;
				CLANG_WARN_BOOL_CONVERSION = YES;
				CLANG_WARN_COMMA = YES;
				CLANG_WARN_CONSTANT_CONVERSION = YES;
				CLANG_WARN_DEPRECATED_OBJC_IMPLEMENTATIONS = YES;
				CLANG_WARN_DIRECT_OBJC_ISA_USAGE = YES_ERROR;
				CLANG_WARN_DOCUMENTATION_COMMENTS = YES;
				CLANG_WARN_EMPTY_BODY = YES;
				CLANG_WARN_ENUM_CONVERSION = YES;
				CLANG_WARN_INFINITE_RECURSION = YES;
				CLANG_WARN_INT_CONVERSION = YES;
				CLANG_WARN_NON_LITERAL_NULL_CONVERSION = YES;
				CLANG_WARN_OBJC_IMPLICIT_RETAIN_SELF = YES;
				CLANG_WARN_OBJC_LITERAL_CONVERSION = YES;
				CLANG_WARN_OBJC_ROOT_CLASS = YES_ERROR;
				CLANG_WARN_RANGE_LOOP_ANALYSIS = YES;
				CLANG_WARN_STRICT_PROTOTYPES = YES;
				CLANG_WARN_SUSPICIOUS_MOVE = YES;
				CLANG_WARN_UNGUARDED_AVAILABILITY = YES_AGGRESSIVE;
				CLANG_WARN_UNREACHABLE_CODE = YES;
				CLANG_WARN__DUPLICATE_METHOD_MATCH = YES;
				CODE_SIGN_IDENTITY = "iPhone Developer";
				COPY_PHASE_STRIP = NO;
				DEBUG_INFORMATION_FORMAT = dwarf;
				ENABLE_STRICT_OBJC_MSGSEND = YES;
				ENABLE_TESTABILITY = YES;
				GCC_C_LANGUAGE_STANDARD = gnu11;
				GCC_DYNAMIC_NO_PIC = NO;
				GCC_NO_COMMON_BLOCKS = YES;
				GCC_OPTIMIZATION_LEVEL = 0;
				GCC_PREPROCESSOR_DEFINITIONS = (
					"DEBUG=1",
					"$(inherited)",
				);
				GCC_WARN_64_TO_32_BIT_CONVERSION = YES;
				GCC_WARN_ABOUT_RETURN_TYPE = YES_ERROR;
				GCC_WARN_UNDECLARED_SELECTOR = YES;
				GCC_WARN_UNINITIALIZED_AUTOS = YES_AGGRESSIVE;
				GCC_WARN_UNUSED_FUNCTION = YES;
				GCC_WARN_UNUSED_VARIABLE = YES;
				IPHONEOS_DEPLOYMENT_TARGET = 12.4;
				MTL_ENABLE_DEBUG_INFO = INCLUDE_SOURCE;
				MTL_FAST_MATH = YES;
				ONLY_ACTIVE_ARCH = YES;
				SDKROOT = iphoneos;
				SWIFT_ACTIVE_COMPILATION_CONDITIONS = DEBUG;
				SWIFT_OPTIMIZATION_LEVEL = "-Onone";
			};
			name = Debug;
		};
		CB754F3F231C54830066530B /* Release */ = {
			isa = XCBuildConfiguration;
			buildSettings = {
				ALWAYS_SEARCH_USER_PATHS = NO;
				CLANG_ANALYZER_NONNULL = YES;
				CLANG_ANALYZER_NUMBER_OBJECT_CONVERSION = YES_AGGRESSIVE;
				CLANG_CXX_LANGUAGE_STANDARD = "gnu++14";
				CLANG_CXX_LIBRARY = "libc++";
				CLANG_ENABLE_MODULES = YES;
				CLANG_ENABLE_OBJC_ARC = YES;
				CLANG_ENABLE_OBJC_WEAK = YES;
				CLANG_WARN_BLOCK_CAPTURE_AUTORELEASING = YES;
				CLANG_WARN_BOOL_CONVERSION = YES;
				CLANG_WARN_COMMA = YES;
				CLANG_WARN_CONSTANT_CONVERSION = YES;
				CLANG_WARN_DEPRECATED_OBJC_IMPLEMENTATIONS = YES;
				CLANG_WARN_DIRECT_OBJC_ISA_USAGE = YES_ERROR;
				CLANG_WARN_DOCUMENTATION_COMMENTS = YES;
				CLANG_WARN_EMPTY_BODY = YES;
				CLANG_WARN_ENUM_CONVERSION = YES;
				CLANG_WARN_INFINITE_RECURSION = YES;
				CLANG_WARN_INT_CONVERSION = YES;
				CLANG_WARN_NON_LITERAL_NULL_CONVERSION = YES;
				CLANG_WARN_OBJC_IMPLICIT_RETAIN_SELF = YES;
				CLANG_WARN_OBJC_LITERAL_CONVERSION = YES;
				CLANG_WARN_OBJC_ROOT_CLASS = YES_ERROR;
				CLANG_WARN_RANGE_LOOP_ANALYSIS = YES;
				CLANG_WARN_STRICT_PROTOTYPES = YES;
				CLANG_WARN_SUSPICIOUS_MOVE = YES;
				CLANG_WARN_UNGUARDED_AVAILABILITY = YES_AGGRESSIVE;
				CLANG_WARN_UNREACHABLE_CODE = YES;
				CLANG_WARN__DUPLICATE_METHOD_MATCH = YES;
				CODE_SIGN_IDENTITY = "iPhone Developer";
				COPY_PHASE_STRIP = NO;
				DEBUG_INFORMATION_FORMAT = "dwarf-with-dsym";
				ENABLE_NS_ASSERTIONS = NO;
				ENABLE_STRICT_OBJC_MSGSEND = YES;
				GCC_C_LANGUAGE_STANDARD = gnu11;
				GCC_NO_COMMON_BLOCKS = YES;
				GCC_WARN_64_TO_32_BIT_CONVERSION = YES;
				GCC_WARN_ABOUT_RETURN_TYPE = YES_ERROR;
				GCC_WARN_UNDECLARED_SELECTOR = YES;
				GCC_WARN_UNINITIALIZED_AUTOS = YES_AGGRESSIVE;
				GCC_WARN_UNUSED_FUNCTION = YES;
				GCC_WARN_UNUSED_VARIABLE = YES;
				IPHONEOS_DEPLOYMENT_TARGET = 12.4;
				MTL_ENABLE_DEBUG_INFO = NO;
				MTL_FAST_MATH = YES;
				SDKROOT = iphoneos;
				SWIFT_COMPILATION_MODE = wholemodule;
				SWIFT_OPTIMIZATION_LEVEL = "-O";
				VALIDATE_PRODUCT = YES;
			};
			name = Release;
		};
		CB754F41231C54830066530B /* Debug */ = {
			isa = XCBuildConfiguration;
			buildSettings = {
				ASSETCATALOG_COMPILER_APPICON_NAME = AppIcon;
				CODE_SIGN_STYLE = Automatic;
				DEVELOPMENT_TEAM = CJ774HS52J;
				INFOPLIST_FILE = UIStoryboard/Info.plist;
				LD_RUNPATH_SEARCH_PATHS = (
					"$(inherited)",
					"@executable_path/Frameworks",
				);
				PRODUCT_BUNDLE_IDENTIFIER = com.antonsemenets.UIStoryboard;
				PRODUCT_NAME = "$(TARGET_NAME)";
				SWIFT_VERSION = 5.0;
				TARGETED_DEVICE_FAMILY = "1,2";
			};
			name = Debug;
		};
		CB754F42231C54830066530B /* Release */ = {
			isa = XCBuildConfiguration;
			buildSettings = {
				ASSETCATALOG_COMPILER_APPICON_NAME = AppIcon;
				CODE_SIGN_STYLE = Automatic;
				DEVELOPMENT_TEAM = CJ774HS52J;
				INFOPLIST_FILE = UIStoryboard/Info.plist;
				LD_RUNPATH_SEARCH_PATHS = (
					"$(inherited)",
					"@executable_path/Frameworks",
				);
				PRODUCT_BUNDLE_IDENTIFIER = com.antonsemenets.UIStoryboard;
				PRODUCT_NAME = "$(TARGET_NAME)";
				SWIFT_VERSION = 5.0;
				TARGETED_DEVICE_FAMILY = "1,2";
			};
			name = Release;
		};
/* End XCBuildConfiguration section */

/* Begin XCConfigurationList section */
		CB754F29231C54810066530B /* Build configuration list for PBXProject "UIStoryboard" */ = {
			isa = XCConfigurationList;
			buildConfigurations = (
				CB754F3E231C54830066530B /* Debug */,
				CB754F3F231C54830066530B /* Release */,
			);
			defaultConfigurationIsVisible = 0;
			defaultConfigurationName = Release;
		};
		CB754F40231C54830066530B /* Build configuration list for PBXNativeTarget "UIStoryboard" */ = {
			isa = XCConfigurationList;
			buildConfigurations = (
				CB754F41231C54830066530B /* Debug */,
				CB754F42231C54830066530B /* Release */,
			);
			defaultConfigurationIsVisible = 0;
			defaultConfigurationName = Release;
		};
/* End XCConfigurationList section */
	};
	rootObject = CB754F26231C54810066530B /* Project object */;
}
